
Microsoft Visual Studio Solution File, Format Version 12.00
# Visual Studio Version 17
VisualStudioVersion = 17.4.33205.214
MinimumVisualStudioVersion = 10.0.40219.1
Project("{FAE04EC0-301F-11D3-BF4B-00C04F79EFBC}") = "Gett.NET", "Gett.NET\Gett.NET.csproj", "{74B3E5C0-96A9-48C7-9757-A80C20F60413}"
EndProject
Project("{FAE04EC0-301F-11D3-BF4B-00C04F79EFBC}") = "GettTest", "GettTest\GettTest.csproj", "{499B247D-8FA0-45C0-88BE-23AD821F3700}"
EndProject
Global
	GlobalSection(SolutionConfigurationPlatforms) = preSolution
		Debug|Any CPU = Debug|Any CPU
		Debug|Mixed Platforms = Debug|Mixed Platforms
		Debug|x86 = Debug|x86
		Release|Any CPU = Release|Any CPU
		Release|Mixed Platforms = Release|Mixed Platforms
		Release|x86 = Release|x86
	EndGlobalSection
	GlobalSection(ProjectConfigurationPlatforms) = postSolution
		{74B3E5C0-96A9-48C7-9757-A80C20F60413}.Debug|Any CPU.ActiveCfg = Debug|Any CPU
		{74B3E5C0-96A9-48C7-9757-A80C20F60413}.Debug|Any CPU.Build.0 = Debug|Any CPU
		{74B3E5C0-96A9-48C7-9757-A80C20F60413}.Debug|Mixed Platforms.ActiveCfg = Debug|Any CPU
		{74B3E5C0-96A9-48C7-9757-A80C20F60413}.Debug|Mixed Platforms.Build.0 = Debug|Any CPU
		{74B3E5C0-96A9-48C7-9757-A80C20F60413}.Debug|x86.ActiveCfg = Debug|Any CPU
		{74B3E5C0-96A9-48C7-9757-A80C20F60413}.Release|Any CPU.ActiveCfg = Release|Any CPU
		{74B3E5C0-96A9-48C7-9757-A80C20F60413}.Release|Any CPU.Build.0 = Release|Any CPU
		{74B3E5C0-96A9-48C7-9757-A80C20F60413}.Release|Mixed Platforms.ActiveCfg = Release|Any CPU
		{74B3E5C0-96A9-48C7-9757-A80C20F60413}.Release|Mixed Platforms.Build.0 = Release|Any CPU
		{74B3E5C0-96A9-48C7-9757-A80C20F60413}.Release|x86.ActiveCfg = Release|Any CPU
		{499B247D-8FA0-45C0-88BE-23AD821F3700}.Debug|Any CPU.ActiveCfg = Debug|x86
		{499B247D-8FA0-45C0-88BE-23AD821F3700}.Debug|Mixed Platforms.ActiveCfg = Debug|x86
		{499B247D-8FA0-45C0-88BE-23AD821F3700}.Debug|Mixed Platforms.Build.0 = Debug|x86
		{499B247D-8FA0-45C0-88BE-23AD821F3700}.Debug|x86.ActiveCfg = Debug|x86
		{499B247D-8FA0-45C0-88BE-23AD821F3700}.Debug|x86.Build.0 = Debug|x86
		{499B247D-8FA0-45C0-88BE-23AD821F3700}.Release|Any CPU.ActiveCfg = Release|x86
		{499B247D-8FA0-45C0-88BE-23AD821F3700}.Release|Mixed Platforms.ActiveCfg = Release|x86
		{499B247D-8FA0-45C0-88BE-23AD821F3700}.Release|Mixed Platforms.Build.0 = Release|x86
		{499B247D-8FA0-45C0-88BE-23AD821F3700}.Release|x86.ActiveCfg = Release|x86
		{499B247D-8FA0-45C0-88BE-23AD821F3700}.Release|x86.Build.0 = Release|x86
	EndGlobalSection
	GlobalSection(SolutionProperties) = preSolution
		HideSolutionNode = FALSE
	EndGlobalSection
	GlobalSection(ExtensibilityGlobals) = postSolution
		SolutionGuid = {09124ACB-FD51-45A4-B1B1-4AA23EFCBC4B}
	EndGlobalSection
EndGlobal
